
Microsoft Visual Studio Solution File, Format Version 12.00
# Visual Studio Version 16
VisualStudioVersion = 16.0.31129.286
MinimumVisualStudioVersion = 10.0.40219.1
Project("{FAE04EC0-301F-11D3-BF4B-00C04F79EFBC}") = "Club_Debitos", "Club_Debitos\Club_Debitos.csproj", "{3F810D9F-1F3C-4040-AA0C-EBA209FD7DF3}"
EndProject
Global
	GlobalSection(SolutionConfigurationPlatforms) = preSolution
		Debug|Any CPU = Debug|Any CPU
		Debug|x86 = Debug|x86
		Release|Any CPU = Release|Any CPU
		Release|x86 = Release|x86
	EndGlobalSection
	GlobalSection(ProjectConfigurationPlatforms) = postSolution
		{3F810D9F-1F3C-4040-AA0C-EBA209FD7DF3}.Debug|Any CPU.ActiveCfg = Debug|Any CPU
		{3F810D9F-1F3C-4040-AA0C-EBA209FD7DF3}.Debug|Any CPU.Build.0 = Debug|Any CPU
		{3F810D9F-1F3C-4040-AA0C-EBA209FD7DF3}.Debug|x86.ActiveCfg = Debug|x86
		{3F810D9F-1F3C-4040-AA0C-EBA209FD7DF3}.Debug|x86.Build.0 = Debug|x86
		{3F810D9F-1F3C-4040-AA0C-EBA209FD7DF3}.Release|Any CPU.ActiveCfg = Release|Any CPU
		{3F810D9F-1F3C-4040-AA0C-EBA209FD7DF3}.Release|Any CPU.Build.0 = Release|Any CPU
		{3F810D9F-1F3C-4040-AA0C-EBA209FD7DF3}.Release|x86.ActiveCfg = Release|x86
		{3F810D9F-1F3C-4040-AA0C-EBA209FD7DF3}.Release|x86.Build.0 = Release|x86
	EndGlobalSection
	GlobalSection(SolutionProperties) = preSolution
		HideSolutionNode = FALSE
	EndGlobalSection
	GlobalSection(ExtensibilityGlobals) = postSolution
		SolutionGuid = {7F413C2B-F8A3-4E43-B1DC-5551EBF4FC10}
	EndGlobalSection
EndGlobal
